
Microsoft Visual Studio Solution File, Format Version 12.00
# Visual Studio Version 17
VisualStudioVersion = 17.14.36511.14 d17.14
MinimumVisualStudioVersion = 10.0.40219.1
Project("{FAE04EC0-301F-11D3-BF4B-00C04F79EFBC}") = "Project_One", "Project_One\Project_One.csproj", "{06D605A9-ED3D-477E-A3A6-0BC89B7D495E}"
EndProject
Global
	GlobalSection(SolutionConfigurationPlatforms) = preSolution
		Debug|Any CPU = Debug|Any CPU
		Release|Any CPU = Release|Any CPU
	EndGlobalSection
	GlobalSection(ProjectConfigurationPlatforms) = postSolution
		{06D605A9-ED3D-477E-A3A6-0BC89B7D495E}.Debug|Any CPU.ActiveCfg = Debug|Any CPU
		{06D605A9-ED3D-477E-A3A6-0BC89B7D495E}.Debug|Any CPU.Build.0 = Debug|Any CPU
		{06D605A9-ED3D-477E-A3A6-0BC89B7D495E}.Release|Any CPU.ActiveCfg = Release|Any CPU
		{06D605A9-ED3D-477E-A3A6-0BC89B7D495E}.Release|Any CPU.Build.0 = Release|Any CPU
	EndGlobalSection
	GlobalSection(SolutionProperties) = preSolution
		HideSolutionNode = FALSE
	EndGlobalSection
	GlobalSection(ExtensibilityGlobals) = postSolution
		SolutionGuid = {BFBC6A76-130A-417A-8830-2930CE8E8254}
	EndGlobalSection
EndGlobal
